
Microsoft Visual Studio Solution File, Format Version 12.00
# Visual Studio Version 17
VisualStudioVersion = 17.8.34330.188
MinimumVisualStudioVersion = 10.0.40219.1
Project("{9A19103F-16F7-4668-BE54-9A1E7A4F7556}") = "STGenetics.Challenge.App", "STGenetics.Challenge\STGenetics.Challenge.App.csproj", "{DE27703F-C674-48C0-8930-743D108516BA}"
EndProject
Project("{9A19103F-16F7-4668-BE54-9A1E7A4F7556}") = "STGenetics.Challenge.Domain", "STGenetics.Challenge.Domain\STGenetics.Challenge.Domain.csproj", "{51E3AE6B-4C7A-484F-942B-AAF9F1D08502}"
EndProject
Project("{9A19103F-16F7-4668-BE54-9A1E7A4F7556}") = "STGenetics.Challenge.Infra", "STGenetics.Challenge.Infra\STGenetics.Challenge.Infra.csproj", "{D169A173-87A4-4E25-B5A6-4D25D0D817E0}"
EndProject
Project("{9A19103F-16F7-4668-BE54-9A1E7A4F7556}") = "STGenetics.Challenge.Business", "STGenetics.Challenge.Business\STGenetics.Challenge.Business.csproj", "{39BFE907-8997-4EB5-8350-05C9AF8A1C5F}"
EndProject
Project("{2150E333-8FDC-42A3-9474-1A3956D46DE8}") = "Solution Items", "Solution Items", "{732D01A6-BFFB-4A1B-9D04-54C3B5B5961F}"
	ProjectSection(SolutionItems) = preProject
		.editorconfig = .editorconfig
	EndProjectSection
EndProject
Project("{FAE04EC0-301F-11D3-BF4B-00C04F79EFBC}") = "STGenetics.Challenge.Tests", "STGenetics.Challenge.Tests\STGenetics.Challenge.Tests.csproj", "{51B3440D-D5F1-480A-9694-2CFE94722C06}"
EndProject
Global
	GlobalSection(SolutionConfigurationPlatforms) = preSolution
		Debug|Any CPU = Debug|Any CPU
		Release|Any CPU = Release|Any CPU
	EndGlobalSection
	GlobalSection(ProjectConfigurationPlatforms) = postSolution
		{DE27703F-C674-48C0-8930-743D108516BA}.Debug|Any CPU.ActiveCfg = Debug|Any CPU
		{DE27703F-C674-48C0-8930-743D108516BA}.Debug|Any CPU.Build.0 = Debug|Any CPU
		{DE27703F-C674-48C0-8930-743D108516BA}.Release|Any CPU.ActiveCfg = Release|Any CPU
		{DE27703F-C674-48C0-8930-743D108516BA}.Release|Any CPU.Build.0 = Release|Any CPU
		{51E3AE6B-4C7A-484F-942B-AAF9F1D08502}.Debug|Any CPU.ActiveCfg = Debug|Any CPU
		{51E3AE6B-4C7A-484F-942B-AAF9F1D08502}.Debug|Any CPU.Build.0 = Debug|Any CPU
		{51E3AE6B-4C7A-484F-942B-AAF9F1D08502}.Release|Any CPU.ActiveCfg = Release|Any CPU
		{51E3AE6B-4C7A-484F-942B-AAF9F1D08502}.Release|Any CPU.Build.0 = Release|Any CPU
		{D169A173-87A4-4E25-B5A6-4D25D0D817E0}.Debug|Any CPU.ActiveCfg = Debug|Any CPU
		{D169A173-87A4-4E25-B5A6-4D25D0D817E0}.Debug|Any CPU.Build.0 = Debug|Any CPU
		{D169A173-87A4-4E25-B5A6-4D25D0D817E0}.Release|Any CPU.ActiveCfg = Release|Any CPU
		{D169A173-87A4-4E25-B5A6-4D25D0D817E0}.Release|Any CPU.Build.0 = Release|Any CPU
		{39BFE907-8997-4EB5-8350-05C9AF8A1C5F}.Debug|Any CPU.ActiveCfg = Debug|Any CPU
		{39BFE907-8997-4EB5-8350-05C9AF8A1C5F}.Debug|Any CPU.Build.0 = Debug|Any CPU
		{39BFE907-8997-4EB5-8350-05C9AF8A1C5F}.Release|Any CPU.ActiveCfg = Release|Any CPU
		{39BFE907-8997-4EB5-8350-05C9AF8A1C5F}.Release|Any CPU.Build.0 = Release|Any CPU
		{51B3440D-D5F1-480A-9694-2CFE94722C06}.Debug|Any CPU.ActiveCfg = Debug|Any CPU
		{51B3440D-D5F1-480A-9694-2CFE94722C06}.Debug|Any CPU.Build.0 = Debug|Any CPU
		{51B3440D-D5F1-480A-9694-2CFE94722C06}.Release|Any CPU.ActiveCfg = Release|Any CPU
		{51B3440D-D5F1-480A-9694-2CFE94722C06}.Release|Any CPU.Build.0 = Release|Any CPU
	EndGlobalSection
	GlobalSection(SolutionProperties) = preSolution
		HideSolutionNode = FALSE
	EndGlobalSection
	GlobalSection(ExtensibilityGlobals) = postSolution
		SolutionGuid = {C95A2778-0AF2-49E8-BF60-E2751F1C63A0}
	EndGlobalSection
EndGlobal
